
Microsoft Visual Studio Solution File, Format Version 12.00
# Visual Studio Version 17
VisualStudioVersion = 17.8.34330.188
MinimumVisualStudioVersion = 10.0.40219.1
Project("{FAE04EC0-301F-11D3-BF4B-00C04F79EFBC}") = "WordSearch.Server", "WordSearch.Server\WordSearch.Server.csproj", "{E7E63A14-1F73-46C6-A138-88F5A1562D76}"
EndProject
Project("{54A90642-561A-4BB1-A94E-469ADEE60C69}") = "wordsearch.client", "wordsearch.client\wordsearch.client.esproj", "{1E11A9D7-352B-4572-841B-777A5C965568}"
EndProject
Global
	GlobalSection(SolutionConfigurationPlatforms) = preSolution
		Debug|Any CPU = Debug|Any CPU
		Release|Any CPU = Release|Any CPU
	EndGlobalSection
	GlobalSection(ProjectConfigurationPlatforms) = postSolution
		{E7E63A14-1F73-46C6-A138-88F5A1562D76}.Debug|Any CPU.ActiveCfg = Debug|Any CPU
		{E7E63A14-1F73-46C6-A138-88F5A1562D76}.Debug|Any CPU.Build.0 = Debug|Any CPU
		{E7E63A14-1F73-46C6-A138-88F5A1562D76}.Release|Any CPU.ActiveCfg = Release|Any CPU
		{E7E63A14-1F73-46C6-A138-88F5A1562D76}.Release|Any CPU.Build.0 = Release|Any CPU
		{1E11A9D7-352B-4572-841B-777A5C965568}.Debug|Any CPU.ActiveCfg = Debug|Any CPU
		{1E11A9D7-352B-4572-841B-777A5C965568}.Debug|Any CPU.Build.0 = Debug|Any CPU
		{1E11A9D7-352B-4572-841B-777A5C965568}.Debug|Any CPU.Deploy.0 = Debug|Any CPU
		{1E11A9D7-352B-4572-841B-777A5C965568}.Release|Any CPU.ActiveCfg = Release|Any CPU
		{1E11A9D7-352B-4572-841B-777A5C965568}.Release|Any CPU.Build.0 = Release|Any CPU
		{1E11A9D7-352B-4572-841B-777A5C965568}.Release|Any CPU.Deploy.0 = Release|Any CPU
	EndGlobalSection
	GlobalSection(SolutionProperties) = preSolution
		HideSolutionNode = FALSE
	EndGlobalSection
	GlobalSection(ExtensibilityGlobals) = postSolution
		SolutionGuid = {F33B418D-F16A-44AA-9AFB-E5F2E4BF2D3F}
	EndGlobalSection
EndGlobal
